
Microsoft Visual Studio Solution File, Format Version 12.00
# Visual Studio Version 17
VisualStudioVersion = 17.5.002.0
MinimumVisualStudioVersion = 10.0.40219.1
Project("{9A19103F-16F7-4668-BE54-9A1E7A4F7556}") = "TreeAlgorithm", "TreeAlgorithm.csproj", "{AABE6B81-A991-4707-AEF2-9E8FA9D0A4BE}"
EndProject
Global
	GlobalSection(SolutionConfigurationPlatforms) = preSolution
		Debug|Any CPU = Debug|Any CPU
		Release|Any CPU = Release|Any CPU
	EndGlobalSection
	GlobalSection(ProjectConfigurationPlatforms) = postSolution
		{AABE6B81-A991-4707-AEF2-9E8FA9D0A4BE}.Debug|Any CPU.ActiveCfg = Debug|Any CPU
		{AABE6B81-A991-4707-AEF2-9E8FA9D0A4BE}.Debug|Any CPU.Build.0 = Debug|Any CPU
		{AABE6B81-A991-4707-AEF2-9E8FA9D0A4BE}.Release|Any CPU.ActiveCfg = Release|Any CPU
		{AABE6B81-A991-4707-AEF2-9E8FA9D0A4BE}.Release|Any CPU.Build.0 = Release|Any CPU
	EndGlobalSection
	GlobalSection(SolutionProperties) = preSolution
		HideSolutionNode = FALSE
	EndGlobalSection
	GlobalSection(ExtensibilityGlobals) = postSolution
		SolutionGuid = {C1603E75-A5DA-437D-A92F-A5D03A252CF4}
	EndGlobalSection
EndGlobal
